
Microsoft Visual Studio Solution File, Format Version 12.00
# Visual Studio Version 16
VisualStudioVersion = 16.0.31729.503
MinimumVisualStudioVersion = 10.0.40219.1
Project("{9A19103F-16F7-4668-BE54-9A1E7A4F7556}") = "addressbook-web-test", "addressbook-web-test\addressbook-web-test.csproj", "{B3AA2241-DD2B-48F0-BF0A-1F9B7CDC9D66}"
EndProject
Project("{FAE04EC0-301F-11D3-BF4B-00C04F79EFBC}") = "addressbook-test-data-generators", "addressbook-test-data-generators\addressbook-test-data-generators.csproj", "{D1918D9A-83C5-4729-9B58-011923728FB7}"
	ProjectSection(ProjectDependencies) = postProject
		{B3AA2241-DD2B-48F0-BF0A-1F9B7CDC9D66} = {B3AA2241-DD2B-48F0-BF0A-1F9B7CDC9D66}
	EndProjectSection
EndProject
Global
	GlobalSection(SolutionConfigurationPlatforms) = preSolution
		Debug|Any CPU = Debug|Any CPU
		Release|Any CPU = Release|Any CPU
	EndGlobalSection
	GlobalSection(ProjectConfigurationPlatforms) = postSolution
		{B3AA2241-DD2B-48F0-BF0A-1F9B7CDC9D66}.Debug|Any CPU.ActiveCfg = Debug|Any CPU
		{B3AA2241-DD2B-48F0-BF0A-1F9B7CDC9D66}.Debug|Any CPU.Build.0 = Debug|Any CPU
		{B3AA2241-DD2B-48F0-BF0A-1F9B7CDC9D66}.Release|Any CPU.ActiveCfg = Release|Any CPU
		{B3AA2241-DD2B-48F0-BF0A-1F9B7CDC9D66}.Release|Any CPU.Build.0 = Release|Any CPU
		{D1918D9A-83C5-4729-9B58-011923728FB7}.Debug|Any CPU.ActiveCfg = Debug|Any CPU
		{D1918D9A-83C5-4729-9B58-011923728FB7}.Debug|Any CPU.Build.0 = Debug|Any CPU
		{D1918D9A-83C5-4729-9B58-011923728FB7}.Release|Any CPU.ActiveCfg = Release|Any CPU
		{D1918D9A-83C5-4729-9B58-011923728FB7}.Release|Any CPU.Build.0 = Release|Any CPU
	EndGlobalSection
	GlobalSection(SolutionProperties) = preSolution
		HideSolutionNode = FALSE
	EndGlobalSection
	GlobalSection(ExtensibilityGlobals) = postSolution
		SolutionGuid = {7E4BEC60-D3F3-4221-8CB1-FE94800EB655}
	EndGlobalSection
EndGlobal
